# This file is autogenerated, do not edit; changes may be undone by the next 'dep ensure'.


[[projects]]
  branch = "master"
  name = "github.com/alecthomas/jsonschema"
  packages = ["."]
  revision = "f2c93856175a7dd6abe88c5c3900b67ad054adcc"

[[projects]]
  branch = "master"
  name = "github.com/bmizerany/perks"
  packages = ["quantile"]
  revision = "d9a9656a3a4b1c2864fdb44db2ef8619772d92aa"

[[projects]]
  branch = "master"
  name = "github.com/dgryski/go-gk"
  packages = ["."]
  revision = "201884a44051d8544b65e6b1c05ae71c0c45b9e0"

[[projects]]
  branch = "master"
  name = "github.com/dgryski/go-lttb"
  packages = ["."]
  revision = "318fcdf10a77c2df09d83777e41f5e18d236ec9d"

[[projects]]
  name = "github.com/google/go-cmp"
  packages = [
    "cmp",
    "cmp/internal/diff",
    "cmp/internal/function",
    "cmp/internal/value"
  ]
  revision = "3af367b6b30c263d47e8895973edcca9a49cf029"
  version = "v0.2.0"

[[projects]]
  branch = "master"
  name = "github.com/influxdata/tdigest"
  packages = ["."]
  revision = "a7d76c6f093a59b94a01c6c2b8429122d444a8cc"

[[projects]]
  branch = "master"
  name = "github.com/shurcooL/httpfs"
  packages = ["vfsutil"]
  revision = "809beceb23714880abc4a382a00c05f89d13b1cc"

[[projects]]
  branch = "master"
  name = "github.com/shurcooL/vfsgen"
  packages = ["."]
  revision = "62bca832be04bd2bcaabd3b68a6b19a7ec044411"

[[projects]]
  branch = "master"
  name = "github.com/streadway/quantile"
  packages = ["."]
  revision = "b0c588724d25ae13f5afb3d90efec0edc636432b"

[[projects]]
  branch = "master"
  name = "github.com/tsenart/go-tsz"
  packages = [
    ".",
    "testdata"
  ]
  revision = "cdeb9e1e981e85dafc95428f5da9cba59cbcc828"

[[projects]]
  branch = "master"
  name = "golang.org/x/net"
  packages = [
    "http/httpguts",
    "http2",
    "http2/hpack",
    "idna"
  ]
  revision = "c39426892332e1bb5ec0a434a079bf82f5d30c54"

[[projects]]
  name = "golang.org/x/text"
  packages = [
    "collate",
    "collate/build",
    "internal/colltab",
    "internal/gen",
    "internal/tag",
    "internal/triegen",
    "internal/ucd",
    "language",
    "secure/bidirule",
    "transform",
    "unicode/bidi",
    "unicode/cldr",
    "unicode/norm",
    "unicode/rangetable"
  ]
  revision = "f21a4dfb5e38f5895301dc265a8def02365cc3d0"
  version = "v0.3.0"

[solve-meta]
  analyzer-name = "dep"
  analyzer-version = 1
  inputs-digest = "b7d8d94fc16de1cf511b1c4fe518392c07ab60b0a6ff5d102b5101eabbf69d9d"
  solver-name = "gps-cdcl"
  solver-version = 1
