# This file is autogenerated, do not edit; changes may be undone by the next 'dep ensure'.


[[projects]]
  branch = "master"
  name = "github.com/alecthomas/jsonschema"
  packages = ["."]
  revision = "f2c93856175a7dd6abe88c5c3900b67ad054adcc"

[[projects]]
  branch = "master"
  name = "github.com/lucasb-eyer/go-colorful"
  packages = ["."]
  revision = "8abd3beca3a7f5039809449d6013a0254ac22bb1"

[[projects]]
  branch = "master"
  name = "github.com/streadway/quantile"
  packages = ["."]
  revision = "b0c588724d25ae13f5afb3d90efec0edc636432b"

[[projects]]
  branch = "master"
  name = "golang.org/x/net"
  packages = [
    "http/httpguts",
    "http2",
    "http2/hpack",
    "idna"
  ]
  revision = "2491c5de3490fced2f6cff376127c667efeed857"

[[projects]]
  name = "golang.org/x/text"
  packages = [
    "collate",
    "collate/build",
    "internal/colltab",
    "internal/gen",
    "internal/tag",
    "internal/triegen",
    "internal/ucd",
    "language",
    "secure/bidirule",
    "transform",
    "unicode/bidi",
    "unicode/cldr",
    "unicode/norm",
    "unicode/rangetable"
  ]
  revision = "f21a4dfb5e38f5895301dc265a8def02365cc3d0"
  version = "v0.3.0"

[solve-meta]
  analyzer-name = "dep"
  analyzer-version = 1
  inputs-digest = "b7241bb8cec207e1b751be687240fd7f6af51a3a9e37a70c4d62c33a96c1391e"
  solver-name = "gps-cdcl"
  solver-version = 1
