# This file is autogenerated, do not edit; changes may be undone by the next 'dep ensure'.


[[projects]]
  branch = "master"
  digest = "1:c312c313bb8040fcfb5698f38b51ec279e4635c7619773e6f018c908586c64b1"
  name = "github.com/alecthomas/jsonschema"
  packages = ["."]
  pruneopts = "UT"
  revision = "f2c93856175a7dd6abe88c5c3900b67ad054adcc"

[[projects]]
  branch = "master"
  digest = "1:f31b92722c6eca05df9ba28e9cb38d94de0865f034fff164557f103d6d13b612"
  name = "github.com/bmizerany/perks"
  packages = ["quantile"]
  pruneopts = "UT"
  revision = "d9a9656a3a4b1c2864fdb44db2ef8619772d92aa"

[[projects]]
  branch = "master"
  digest = "1:e8891cd354f2af940345f895d5698ab1ed439196d4f69eb44817fc91e80354c1"
  name = "github.com/c2h5oh/datasize"
  packages = ["."]
  pruneopts = "UT"
  revision = "4eba002a5eaea69cf8d235a388fc6b65ae68d2dd"

[[projects]]
  branch = "master"
  digest = "1:5c4cefdd3ba39aee4e4b6f9aad121a79fd2a989b9b54acbe4f530cc3a700cd75"
  name = "github.com/dgryski/go-gk"
  packages = ["."]
  pruneopts = "UT"
  revision = "201884a44051d8544b65e6b1c05ae71c0c45b9e0"

[[projects]]
  branch = "master"
  digest = "1:bc4e2b6c1af97c03fe850864bf22574abc6ad0fcbf0e5dda0fd246d3d43f9ccb"
  name = "github.com/dgryski/go-lttb"
  packages = ["."]
  pruneopts = "UT"
  revision = "318fcdf10a77c2df09d83777e41f5e18d236ec9d"

[[projects]]
  digest = "1:2e3c336fc7fde5c984d2841455a658a6d626450b1754a854b3b32e7a8f49a07a"
  name = "github.com/google/go-cmp"
  packages = [
    "cmp",
    "cmp/internal/diff",
    "cmp/internal/function",
    "cmp/internal/value",
  ]
  pruneopts = "UT"
  revision = "3af367b6b30c263d47e8895973edcca9a49cf029"
  version = "v0.2.0"

[[projects]]
  branch = "master"
  digest = "1:b07e7ba2bb99a70ce3318ea387a62666371c1ab4f9bfcae192a59e3f4b8ffa56"
  name = "github.com/influxdata/tdigest"
  packages = ["."]
  pruneopts = "UT"
  revision = "a7d76c6f093a59b94a01c6c2b8429122d444a8cc"

[[projects]]
  branch = "master"
  digest = "1:84a5a2b67486d5d67060ac393aa255d05d24ed5ee41daecd5635ec22657b6492"
  name = "github.com/mailru/easyjson"
  packages = [
    "buffer",
    "jlexer",
    "jwriter",
  ]
  pruneopts = "UT"
  revision = "60711f1a8329503b04e1c88535f419d0bb440bff"

[[projects]]
  digest = "1:66def2f80d5127123c81ffa876242c12d3b7b06188f6645d79b3cc4acba637b3"
  name = "github.com/miekg/dns"
  packages = ["."]
  pruneopts = "UT"
  revision = "b13675009d59c97f3721247d9efa8914e1866a5b"
  version = "v1.1.15"

[[projects]]
  branch = "master"
  digest = "1:7ca2584fa7da0520cd2d1136a10194fe5a5b220bdb215074ab6f7b5ad91115f4"
  name = "github.com/shurcooL/httpfs"
  packages = ["vfsutil"]
  pruneopts = "UT"
  revision = "809beceb23714880abc4a382a00c05f89d13b1cc"

[[projects]]
  branch = "master"
  digest = "1:b5db31f108c72b9de4e36ca3222a4e325beebfa492a9d3f62f313ffa9cdab3b7"
  name = "github.com/shurcooL/vfsgen"
  packages = ["."]
  pruneopts = "UT"
  revision = "62bca832be04bd2bcaabd3b68a6b19a7ec044411"

[[projects]]
  branch = "master"
  digest = "1:383e656d30a7bd2c663514940748c189307134c65ec8c7b2070ed01abb93e73d"
  name = "github.com/streadway/quantile"
  packages = ["."]
  pruneopts = "UT"
  revision = "b0c588724d25ae13f5afb3d90efec0edc636432b"

[[projects]]
  branch = "master"
  digest = "1:be87c1e6f0a15e5b1c45036b9382cdd63057a8b65e10ff2fe2bda23886a99c6a"
  name = "github.com/tsenart/go-tsz"
  packages = [
    ".",
    "testdata",
  ]
  pruneopts = "UT"
  revision = "cdeb9e1e981e85dafc95428f5da9cba59cbcc828"

[[projects]]
  branch = "master"
  digest = "1:cd7e85fc3687e062714febdee3e8efeb00a413a2a620d28908fd0258261d2353"
  name = "golang.org/x/crypto"
  packages = [
    "ed25519",
    "ed25519/internal/edwards25519",
  ]
  pruneopts = "UT"
  revision = "4def268fd1a49955bfb3dda92fe3db4f924f2285"

[[projects]]
  branch = "master"
  digest = "1:eb816361177713f91e2f624d3fa496a7a0eadb60f1a283036fe55ccc9e84b205"
  name = "golang.org/x/net"
  packages = [
    "bpf",
    "http/httpguts",
    "http2",
    "http2/hpack",
    "idna",
    "internal/iana",
    "internal/socket",
    "ipv4",
    "ipv6",
  ]
  pruneopts = "UT"
  revision = "c39426892332e1bb5ec0a434a079bf82f5d30c54"

[[projects]]
  branch = "master"
  digest = "1:fdfd985fe7956d77128572032636b5c1b7b58a81acd7089e96923e2f9539c573"
  name = "golang.org/x/sys"
  packages = ["unix"]
  pruneopts = "UT"
  revision = "cbf593c0f2f39034e9104bbf77e2ec7c48c98fc5"

[[projects]]
  digest = "1:a2ab62866c75542dd18d2b069fec854577a20211d7c0ea6ae746072a1dccdd18"
  name = "golang.org/x/text"
  packages = [
    "collate",
    "collate/build",
    "internal/colltab",
    "internal/gen",
    "internal/tag",
    "internal/triegen",
    "internal/ucd",
    "language",
    "secure/bidirule",
    "transform",
    "unicode/bidi",
    "unicode/cldr",
    "unicode/norm",
    "unicode/rangetable",
  ]
  pruneopts = "UT"
  revision = "f21a4dfb5e38f5895301dc265a8def02365cc3d0"
  version = "v0.3.0"

[solve-meta]
  analyzer-name = "dep"
  analyzer-version = 1
  input-imports = [
    "github.com/alecthomas/jsonschema",
    "github.com/bmizerany/perks/quantile",
    "github.com/c2h5oh/datasize",
    "github.com/dgryski/go-gk",
    "github.com/dgryski/go-lttb",
    "github.com/google/go-cmp/cmp",
    "github.com/influxdata/tdigest",
    "github.com/mailru/easyjson/jlexer",
    "github.com/mailru/easyjson/jwriter",
    "github.com/miekg/dns",
    "github.com/shurcooL/vfsgen",
    "github.com/streadway/quantile",
    "github.com/tsenart/go-tsz",
    "golang.org/x/net/http2",
  ]
  solver-name = "gps-cdcl"
  solver-version = 1
